
Microsoft Visual Studio Solution File, Format Version 12.00
# Visual Studio Version 16
VisualStudioVersion = 16.0.29806.167
MinimumVisualStudioVersion = 10.0.40219.1
Project("{9A19103F-16F7-4668-BE54-9A1E7A4F7556}") = "CoronavirusWebHandler", "CoronavirusHTTPHandler\CoronavirusWebHandler.csproj", "{B60891BE-FC66-404D-9344-F6F270AADE21}"
EndProject
Project("{9A19103F-16F7-4668-BE54-9A1E7A4F7556}") = "CoronavirusTestWebsite", "CoronavirusTestWebsite\CoronavirusTestWebsite.csproj", "{16350FBC-88C7-4CBE-A966-8844780338E5}"
EndProject
Global
	GlobalSection(SolutionConfigurationPlatforms) = preSolution
		Debug|Any CPU = Debug|Any CPU
		Release|Any CPU = Release|Any CPU
	EndGlobalSection
	GlobalSection(ProjectConfigurationPlatforms) = postSolution
		{B60891BE-FC66-404D-9344-F6F270AADE21}.Debug|Any CPU.ActiveCfg = Debug|Any CPU
		{B60891BE-FC66-404D-9344-F6F270AADE21}.Debug|Any CPU.Build.0 = Debug|Any CPU
		{B60891BE-FC66-404D-9344-F6F270AADE21}.Release|Any CPU.ActiveCfg = Release|Any CPU
		{B60891BE-FC66-404D-9344-F6F270AADE21}.Release|Any CPU.Build.0 = Release|Any CPU
		{16350FBC-88C7-4CBE-A966-8844780338E5}.Debug|Any CPU.ActiveCfg = Debug|Any CPU
		{16350FBC-88C7-4CBE-A966-8844780338E5}.Debug|Any CPU.Build.0 = Debug|Any CPU
		{16350FBC-88C7-4CBE-A966-8844780338E5}.Release|Any CPU.ActiveCfg = Release|Any CPU
		{16350FBC-88C7-4CBE-A966-8844780338E5}.Release|Any CPU.Build.0 = Release|Any CPU
	EndGlobalSection
	GlobalSection(SolutionProperties) = preSolution
		HideSolutionNode = FALSE
	EndGlobalSection
	GlobalSection(ExtensibilityGlobals) = postSolution
		SolutionGuid = {8FCE2E6D-2D1F-4779-855C-8CC0D7D9DBDA}
	EndGlobalSection
EndGlobal
